
Microsoft Visual Studio Solution File, Format Version 12.00
# Visual Studio Version 17
VisualStudioVersion = 17.3.32929.385
MinimumVisualStudioVersion = 10.0.40219.1
Project("{FAE04EC0-301F-11D3-BF4B-00C04F79EFBC}") = "Dashborad", "Dashborad\Dashborad.csproj", "{6CE417F2-818C-4A39-8C1C-5096B9506DD9}"
EndProject
Project("{FAE04EC0-301F-11D3-BF4B-00C04F79EFBC}") = "Kernel", "Kernel\Kernel.csproj", "{3464EA93-FD92-4C56-83C0-27C37A227006}"
EndProject
Global
	GlobalSection(SolutionConfigurationPlatforms) = preSolution
		Debug|Any CPU = Debug|Any CPU
		Release|Any CPU = Release|Any CPU
	EndGlobalSection
	GlobalSection(ProjectConfigurationPlatforms) = postSolution
		{6CE417F2-818C-4A39-8C1C-5096B9506DD9}.Debug|Any CPU.ActiveCfg = Debug|Any CPU
		{6CE417F2-818C-4A39-8C1C-5096B9506DD9}.Debug|Any CPU.Build.0 = Debug|Any CPU
		{6CE417F2-818C-4A39-8C1C-5096B9506DD9}.Release|Any CPU.ActiveCfg = Release|Any CPU
		{6CE417F2-818C-4A39-8C1C-5096B9506DD9}.Release|Any CPU.Build.0 = Release|Any CPU
		{3464EA93-FD92-4C56-83C0-27C37A227006}.Debug|Any CPU.ActiveCfg = Debug|Any CPU
		{3464EA93-FD92-4C56-83C0-27C37A227006}.Debug|Any CPU.Build.0 = Debug|Any CPU
		{3464EA93-FD92-4C56-83C0-27C37A227006}.Release|Any CPU.ActiveCfg = Release|Any CPU
		{3464EA93-FD92-4C56-83C0-27C37A227006}.Release|Any CPU.Build.0 = Release|Any CPU
	EndGlobalSection
	GlobalSection(SolutionProperties) = preSolution
		HideSolutionNode = FALSE
	EndGlobalSection
	GlobalSection(ExtensibilityGlobals) = postSolution
		SolutionGuid = {CF5A2612-D198-486E-BB6E-AEC46F06B171}
	EndGlobalSection
EndGlobal
